// !$*UTF8*$!
{
	archiveVersion = 1;
	classes = {
	};
	objectVersion = 50;
	objects = {

/* Begin PBXBuildFile section */
		121E980724D8006300C2EECE /* DataManager.swift in Sources */ = {isa = PBXBuildFile; fileRef = 121E980624D8006300C2EECE /* DataManager.swift */; };
		121E980A24D802F400C2EECE /* API.swift in Sources */ = {isa = PBXBuildFile; fileRef = 121E980924D802F400C2EECE /* API.swift */; };
		121E980C24D8034E00C2EECE /* Bookmark.swift in Sources */ = {isa = PBXBuildFile; fileRef = 121E980B24D8034E00C2EECE /* Bookmark.swift */; };
		121E980E24D8038F00C2EECE /* CategoryG.swift in Sources */ = {isa = PBXBuildFile; fileRef = 121E980D24D8038F00C2EECE /* CategoryG.swift */; };
		121E981024D803A400C2EECE /* Series.swift in Sources */ = {isa = PBXBuildFile; fileRef = 121E980F24D803A400C2EECE /* Series.swift */; };
		121E981224D803AF00C2EECE /* TextG.swift in Sources */ = {isa = PBXBuildFile; fileRef = 121E981124D803AF00C2EECE /* TextG.swift */; };
		121E981424D8052100C2EECE /* User.swift in Sources */ = {isa = PBXBuildFile; fileRef = 121E981324D8052000C2EECE /* User.swift */; };
		121E981624D8053900C2EECE /* UserText.swift in Sources */ = {isa = PBXBuildFile; fileRef = 121E981524D8053900C2EECE /* UserText.swift */; };
		121E981824D8062900C2EECE /* Writer.swift in Sources */ = {isa = PBXBuildFile; fileRef = 121E981724D8062900C2EECE /* Writer.swift */; };
		121E981A24D8084400C2EECE /* BookmarkType.swift in Sources */ = {isa = PBXBuildFile; fileRef = 121E981924D8084400C2EECE /* BookmarkType.swift */; };
		121E981C24D8151100C2EECE /* Writing.swift in Sources */ = {isa = PBXBuildFile; fileRef = 121E981B24D8151100C2EECE /* Writing.swift */; };
		124847E124D409BD00AE09EA /* TestTextG.swift in Sources */ = {isa = PBXBuildFile; fileRef = 124847E024D409BD00AE09EA /* TestTextG.swift */; };
		124C560724D16B71005BA0DA /* GoogleService-Info.plist in Resources */ = {isa = PBXBuildFile; fileRef = 124C560624D16B71005BA0DA /* GoogleService-Info.plist */; };
		126A795324D5572C006AB7FE /* PieceModuleContents.swift in Sources */ = {isa = PBXBuildFile; fileRef = 126A795224D5572C006AB7FE /* PieceModuleContents.swift */; };
		12D7A94A24D533270035AADB /* CommonModule.swift in Sources */ = {isa = PBXBuildFile; fileRef = 12D7A94924D533270035AADB /* CommonModule.swift */; };
		12D7A94C24D539DB0035AADB /* TextModuleContents.swift in Sources */ = {isa = PBXBuildFile; fileRef = 12D7A94B24D539DB0035AADB /* TextModuleContents.swift */; };
		BA2D98B124C4493D00BDDC77 /* AppDelegate.swift in Sources */ = {isa = PBXBuildFile; fileRef = BA2D98B024C4493D00BDDC77 /* AppDelegate.swift */; };
		BA2D98B324C4493D00BDDC77 /* SceneDelegate.swift in Sources */ = {isa = PBXBuildFile; fileRef = BA2D98B224C4493D00BDDC77 /* SceneDelegate.swift */; };
		BA2D98B524C4493D00BDDC77 /* ContentView.swift in Sources */ = {isa = PBXBuildFile; fileRef = BA2D98B424C4493D00BDDC77 /* ContentView.swift */; };
		BA2D98B724C4493D00BDDC77 /* Assets.xcassets in Resources */ = {isa = PBXBuildFile; fileRef = BA2D98B624C4493D00BDDC77 /* Assets.xcassets */; };
		BA2D98BA24C4493D00BDDC77 /* Preview Assets.xcassets in Resources */ = {isa = PBXBuildFile; fileRef = BA2D98B924C4493D00BDDC77 /* Preview Assets.xcassets */; };
		BA2D98BD24C4493D00BDDC77 /* LaunchScreen.storyboard in Resources */ = {isa = PBXBuildFile; fileRef = BA2D98BB24C4493D00BDDC77 /* LaunchScreen.storyboard */; };
		BA36D37424D50E76007329BC /* SplashView.swift in Sources */ = {isa = PBXBuildFile; fileRef = BA36D37324D50E76007329BC /* SplashView.swift */; };
		BA36D37624D52C11007329BC /* BookmarkTmp.swift in Sources */ = {isa = PBXBuildFile; fileRef = BA36D37524D52C11007329BC /* BookmarkTmp.swift */; };
		BA56ED5224E930A6008F9686 /* SeriesView.swift in Sources */ = {isa = PBXBuildFile; fileRef = BA56ED5124E930A6008F9686 /* SeriesView.swift */; };
		E11DB78824E8E4BA001DA0DF /* SeriesModuleContents.swift in Sources */ = {isa = PBXBuildFile; fileRef = E11DB78724E8E4BA001DA0DF /* SeriesModuleContents.swift */; };
		E157AE3424D5264B005F2261 /* MainG.swift in Sources */ = {isa = PBXBuildFile; fileRef = E157AE3324D5264B005F2261 /* MainG.swift */; };
		E157AE3624D52662005F2261 /* WritingNoteG.swift in Sources */ = {isa = PBXBuildFile; fileRef = E157AE3524D52662005F2261 /* WritingNoteG.swift */; };
		E157AE3824D5267C005F2261 /* BookmarkG.swift in Sources */ = {isa = PBXBuildFile; fileRef = E157AE3724D5267C005F2261 /* BookmarkG.swift */; };
		E157AE3A24D52696005F2261 /* MypageG.swift in Sources */ = {isa = PBXBuildFile; fileRef = E157AE3924D52696005F2261 /* MypageG.swift */; };
		E157DB3724E93B3900DFFCB7 /* SettingG.swift in Sources */ = {isa = PBXBuildFile; fileRef = E157DB3624E93B3900DFFCB7 /* SettingG.swift */; };
		E192CC6D24D5254700FA0B88 /* TabViewG.swift in Sources */ = {isa = PBXBuildFile; fileRef = E192CC6C24D5254700FA0B88 /* TabViewG.swift */; };
/* End PBXBuildFile section */

/* Begin PBXFileReference section */
		121E980624D8006300C2EECE /* DataManager.swift */ = {isa = PBXFileReference; lastKnownFileType = sourcecode.swift; path = DataManager.swift; sourceTree = "<group>"; };
		121E980924D802F400C2EECE /* API.swift */ = {isa = PBXFileReference; lastKnownFileType = sourcecode.swift; path = API.swift; sourceTree = "<group>"; };
		121E980B24D8034E00C2EECE /* Bookmark.swift */ = {isa = PBXFileReference; lastKnownFileType = sourcecode.swift; path = Bookmark.swift; sourceTree = "<group>"; };
		121E980D24D8038F00C2EECE /* CategoryG.swift */ = {isa = PBXFileReference; lastKnownFileType = sourcecode.swift; path = CategoryG.swift; sourceTree = "<group>"; };
		121E980F24D803A400C2EECE /* Series.swift */ = {isa = PBXFileReference; lastKnownFileType = sourcecode.swift; path = Series.swift; sourceTree = "<group>"; };
		121E981124D803AF00C2EECE /* TextG.swift */ = {isa = PBXFileReference; lastKnownFileType = sourcecode.swift; path = TextG.swift; sourceTree = "<group>"; };
		121E981324D8052000C2EECE /* User.swift */ = {isa = PBXFileReference; lastKnownFileType = sourcecode.swift; path = User.swift; sourceTree = "<group>"; };
		121E981524D8053900C2EECE /* UserText.swift */ = {isa = PBXFileReference; lastKnownFileType = sourcecode.swift; path = UserText.swift; sourceTree = "<group>"; };
		121E981724D8062900C2EECE /* Writer.swift */ = {isa = PBXFileReference; lastKnownFileType = sourcecode.swift; path = Writer.swift; sourceTree = "<group>"; };
		121E981924D8084400C2EECE /* BookmarkType.swift */ = {isa = PBXFileReference; lastKnownFileType = sourcecode.swift; path = BookmarkType.swift; sourceTree = "<group>"; };
		121E981B24D8151100C2EECE /* Writing.swift */ = {isa = PBXFileReference; lastKnownFileType = sourcecode.swift; path = Writing.swift; sourceTree = "<group>"; };
		124847E024D409BD00AE09EA /* TestTextG.swift */ = {isa = PBXFileReference; lastKnownFileType = sourcecode.swift; path = TestTextG.swift; sourceTree = "<group>"; };
		124C560624D16B71005BA0DA /* GoogleService-Info.plist */ = {isa = PBXFileReference; fileEncoding = 4; lastKnownFileType = text.plist.xml; path = "GoogleService-Info.plist"; sourceTree = "<group>"; };
		126A795224D5572C006AB7FE /* PieceModuleContents.swift */ = {isa = PBXFileReference; lastKnownFileType = sourcecode.swift; path = PieceModuleContents.swift; sourceTree = "<group>"; };
		12D7A94924D533270035AADB /* CommonModule.swift */ = {isa = PBXFileReference; lastKnownFileType = sourcecode.swift; path = CommonModule.swift; sourceTree = "<group>"; };
		12D7A94B24D539DB0035AADB /* TextModuleContents.swift */ = {isa = PBXFileReference; lastKnownFileType = sourcecode.swift; path = TextModuleContents.swift; sourceTree = "<group>"; };
		BA2D98AD24C4493D00BDDC77 /* Geulbie.app */ = {isa = PBXFileReference; explicitFileType = wrapper.application; includeInIndex = 0; path = Geulbie.app; sourceTree = BUILT_PRODUCTS_DIR; };
		BA2D98B024C4493D00BDDC77 /* AppDelegate.swift */ = {isa = PBXFileReference; lastKnownFileType = sourcecode.swift; path = AppDelegate.swift; sourceTree = "<group>"; };
		BA2D98B224C4493D00BDDC77 /* SceneDelegate.swift */ = {isa = PBXFileReference; lastKnownFileType = sourcecode.swift; path = SceneDelegate.swift; sourceTree = "<group>"; };
		BA2D98B424C4493D00BDDC77 /* ContentView.swift */ = {isa = PBXFileReference; lastKnownFileType = sourcecode.swift; path = ContentView.swift; sourceTree = "<group>"; };
		BA2D98B624C4493D00BDDC77 /* Assets.xcassets */ = {isa = PBXFileReference; lastKnownFileType = folder.assetcatalog; path = Assets.xcassets; sourceTree = "<group>"; };
		BA2D98B924C4493D00BDDC77 /* Preview Assets.xcassets */ = {isa = PBXFileReference; lastKnownFileType = folder.assetcatalog; path = "Preview Assets.xcassets"; sourceTree = "<group>"; };
		BA2D98BC24C4493D00BDDC77 /* Base */ = {isa = PBXFileReference; lastKnownFileType = file.storyboard; name = Base; path = Base.lproj/LaunchScreen.storyboard; sourceTree = "<group>"; };
		BA2D98BE24C4493D00BDDC77 /* Info.plist */ = {isa = PBXFileReference; lastKnownFileType = text.plist.xml; path = Info.plist; sourceTree = "<group>"; };
		BA36D37324D50E76007329BC /* SplashView.swift */ = {isa = PBXFileReference; lastKnownFileType = sourcecode.swift; path = SplashView.swift; sourceTree = "<group>"; };
		BA36D37524D52C11007329BC /* BookmarkTmp.swift */ = {isa = PBXFileReference; lastKnownFileType = sourcecode.swift; path = BookmarkTmp.swift; sourceTree = "<group>"; };
		BA56ED5124E930A6008F9686 /* SeriesView.swift */ = {isa = PBXFileReference; lastKnownFileType = sourcecode.swift; path = SeriesView.swift; sourceTree = "<group>"; };
		E11DB78724E8E4BA001DA0DF /* SeriesModuleContents.swift */ = {isa = PBXFileReference; fileEncoding = 4; lastKnownFileType = sourcecode.swift; path = SeriesModuleContents.swift; sourceTree = "<group>"; };
		E157AE3324D5264B005F2261 /* MainG.swift */ = {isa = PBXFileReference; lastKnownFileType = sourcecode.swift; path = MainG.swift; sourceTree = "<group>"; };
		E157AE3524D52662005F2261 /* WritingNoteG.swift */ = {isa = PBXFileReference; lastKnownFileType = sourcecode.swift; path = WritingNoteG.swift; sourceTree = "<group>"; };
		E157AE3724D5267C005F2261 /* BookmarkG.swift */ = {isa = PBXFileReference; lastKnownFileType = sourcecode.swift; path = BookmarkG.swift; sourceTree = "<group>"; };
		E157AE3924D52696005F2261 /* MypageG.swift */ = {isa = PBXFileReference; lastKnownFileType = sourcecode.swift; path = MypageG.swift; sourceTree = "<group>"; };
		E157DB3624E93B3900DFFCB7 /* SettingG.swift */ = {isa = PBXFileReference; lastKnownFileType = sourcecode.swift; path = SettingG.swift; sourceTree = "<group>"; };
		E192CC6C24D5254700FA0B88 /* TabViewG.swift */ = {isa = PBXFileReference; lastKnownFileType = sourcecode.swift; path = TabViewG.swift; sourceTree = "<group>"; };
/* End PBXFileReference section */

/* Begin PBXFrameworksBuildPhase section */
		BA2D98AA24C4493D00BDDC77 /* Frameworks */ = {
			isa = PBXFrameworksBuildPhase;
			buildActionMask = 2147483647;
			files = (
			);
			runOnlyForDeploymentPostprocessing = 0;
		};
/* End PBXFrameworksBuildPhase section */

/* Begin PBXGroup section */
		121E980824D8027D00C2EECE /* DataModels */ = {
			isa = PBXGroup;
			children = (
				121E980924D802F400C2EECE /* API.swift */,
				121E980B24D8034E00C2EECE /* Bookmark.swift */,
				121E981924D8084400C2EECE /* BookmarkType.swift */,
				121E980D24D8038F00C2EECE /* CategoryG.swift */,
				121E980F24D803A400C2EECE /* Series.swift */,
				121E981124D803AF00C2EECE /* TextG.swift */,
				121E981324D8052000C2EECE /* User.swift */,
				121E981524D8053900C2EECE /* UserText.swift */,
				121E981724D8062900C2EECE /* Writer.swift */,
				121E981B24D8151100C2EECE /* Writing.swift */,
			);
			path = DataModels;
			sourceTree = "<group>";
		};
		708706F01423120FACAE1A52 /* Pods */ = {
			isa = PBXGroup;
			children = (
			);
			path = Pods;
			sourceTree = "<group>";
		};
		BA2D98A424C4493D00BDDC77 = {
			isa = PBXGroup;
			children = (
				BA2D98AF24C4493D00BDDC77 /* Geulbie */,
				BA2D98AE24C4493D00BDDC77 /* Products */,
				708706F01423120FACAE1A52 /* Pods */,
			);
			sourceTree = "<group>";
		};
		BA2D98AE24C4493D00BDDC77 /* Products */ = {
			isa = PBXGroup;
			children = (
				BA2D98AD24C4493D00BDDC77 /* Geulbie.app */,
			);
			name = Products;
			sourceTree = "<group>";
		};
		BA2D98AF24C4493D00BDDC77 /* Geulbie */ = {
			isa = PBXGroup;
			children = (
				BA2D98B024C4493D00BDDC77 /* AppDelegate.swift */,
				124C560624D16B71005BA0DA /* GoogleService-Info.plist */,
				BA2D98B224C4493D00BDDC77 /* SceneDelegate.swift */,
				BA2D98B424C4493D00BDDC77 /* ContentView.swift */,
				124847E024D409BD00AE09EA /* TestTextG.swift */,
				BA2D98B624C4493D00BDDC77 /* Assets.xcassets */,
				BA2D98BB24C4493D00BDDC77 /* LaunchScreen.storyboard */,
				BA2D98BE24C4493D00BDDC77 /* Info.plist */,
				BA2D98B824C4493D00BDDC77 /* Preview Content */,
				BA36D37324D50E76007329BC /* SplashView.swift */,
				E192CC6C24D5254700FA0B88 /* TabViewG.swift */,
				E157AE3324D5264B005F2261 /* MainG.swift */,
				E11DB78724E8E4BA001DA0DF /* SeriesModuleContents.swift */,
				E157AE3524D52662005F2261 /* WritingNoteG.swift */,
				BA56ED5124E930A6008F9686 /* SeriesView.swift */,
				E157AE3724D5267C005F2261 /* BookmarkG.swift */,
				BA36D37524D52C11007329BC /* BookmarkTmp.swift */,
				E157AE3924D52696005F2261 /* MypageG.swift */,
				12D7A94924D533270035AADB /* CommonModule.swift */,
				12D7A94B24D539DB0035AADB /* TextModuleContents.swift */,
				126A795224D5572C006AB7FE /* PieceModuleContents.swift */,
				121E980624D8006300C2EECE /* DataManager.swift */,
				121E980824D8027D00C2EECE /* DataModels */,
				E157DB3624E93B3900DFFCB7 /* SettingG.swift */,
			);
			path = Geulbie;
			sourceTree = "<group>";
		};
		BA2D98B824C4493D00BDDC77 /* Preview Content */ = {
			isa = PBXGroup;
			children = (
				BA2D98B924C4493D00BDDC77 /* Preview Assets.xcassets */,
			);
			path = "Preview Content";
			sourceTree = "<group>";
		};
/* End PBXGroup section */

/* Begin PBXNativeTarget section */
		BA2D98AC24C4493D00BDDC77 /* Geulbie */ = {
			isa = PBXNativeTarget;
			buildConfigurationList = BA2D98C124C4493D00BDDC77 /* Build configuration list for PBXNativeTarget "Geulbie" */;
			buildPhases = (
				BA2D98A924C4493D00BDDC77 /* Sources */,
				BA2D98AA24C4493D00BDDC77 /* Frameworks */,
				BA2D98AB24C4493D00BDDC77 /* Resources */,
			);
			buildRules = (
			);
			dependencies = (
			);
			name = Geulbie;
			productName = Geulbie;
			productReference = BA2D98AD24C4493D00BDDC77 /* Geulbie.app */;
			productType = "com.apple.product-type.application";
		};
/* End PBXNativeTarget section */

/* Begin PBXProject section */
		BA2D98A524C4493D00BDDC77 /* Project object */ = {
			isa = PBXProject;
			attributes = {
				LastSwiftUpdateCheck = 1150;
				LastUpgradeCheck = 1150;
				ORGANIZATIONNAME = DINO;
				TargetAttributes = {
					BA2D98AC24C4493D00BDDC77 = {
						CreatedOnToolsVersion = 11.5;
					};
				};
			};
			buildConfigurationList = BA2D98A824C4493D00BDDC77 /* Build configuration list for PBXProject "Geulbie" */;
			compatibilityVersion = "Xcode 9.3";
			developmentRegion = en;
			hasScannedForEncodings = 0;
			knownRegions = (
				en,
				Base,
			);
			mainGroup = BA2D98A424C4493D00BDDC77;
			productRefGroup = BA2D98AE24C4493D00BDDC77 /* Products */;
			projectDirPath = "";
			projectRoot = "";
			targets = (
				BA2D98AC24C4493D00BDDC77 /* Geulbie */,
			);
		};
/* End PBXProject section */

/* Begin PBXResourcesBuildPhase section */
		BA2D98AB24C4493D00BDDC77 /* Resources */ = {
			isa = PBXResourcesBuildPhase;
			buildActionMask = 2147483647;
			files = (
				BA2D98BD24C4493D00BDDC77 /* LaunchScreen.storyboard in Resources */,
				124C560724D16B71005BA0DA /* GoogleService-Info.plist in Resources */,
				BA2D98BA24C4493D00BDDC77 /* Preview Assets.xcassets in Resources */,
				BA2D98B724C4493D00BDDC77 /* Assets.xcassets in Resources */,
			);
			runOnlyForDeploymentPostprocessing = 0;
		};
/* End PBXResourcesBuildPhase section */

/* Begin PBXSourcesBuildPhase section */
		BA2D98A924C4493D00BDDC77 /* Sources */ = {
			isa = PBXSourcesBuildPhase;
			buildActionMask = 2147483647;
			files = (
				121E980C24D8034E00C2EECE /* Bookmark.swift in Sources */,
				126A795324D5572C006AB7FE /* PieceModuleContents.swift in Sources */,
				BA2D98B124C4493D00BDDC77 /* AppDelegate.swift in Sources */,
				121E981A24D8084400C2EECE /* BookmarkType.swift in Sources */,
				E157AE3824D5267C005F2261 /* BookmarkG.swift in Sources */,
				121E981624D8053900C2EECE /* UserText.swift in Sources */,
				BA2D98B324C4493D00BDDC77 /* SceneDelegate.swift in Sources */,
				121E981024D803A400C2EECE /* Series.swift in Sources */,
				E157AE3424D5264B005F2261 /* MainG.swift in Sources */,
				BA36D37624D52C11007329BC /* BookmarkTmp.swift in Sources */,
				E157AE3A24D52696005F2261 /* MypageG.swift in Sources */,
				121E981C24D8151100C2EECE /* Writing.swift in Sources */,
				121E980724D8006300C2EECE /* DataManager.swift in Sources */,
				E192CC6D24D5254700FA0B88 /* TabViewG.swift in Sources */,
				E157DB3724E93B3900DFFCB7 /* SettingG.swift in Sources */,
				BA36D37424D50E76007329BC /* SplashView.swift in Sources */,
				12D7A94A24D533270035AADB /* CommonModule.swift in Sources */,
				12D7A94C24D539DB0035AADB /* TextModuleContents.swift in Sources */,
				124847E124D409BD00AE09EA /* TestTextG.swift in Sources */,
				E11DB78824E8E4BA001DA0DF /* SeriesModuleContents.swift in Sources */,
				BA56ED5224E930A6008F9686 /* SeriesView.swift in Sources */,
				E157AE3624D52662005F2261 /* WritingNoteG.swift in Sources */,
				121E981224D803AF00C2EECE /* TextG.swift in Sources */,
				121E980A24D802F400C2EECE /* API.swift in Sources */,
				121E981824D8062900C2EECE /* Writer.swift in Sources */,
				BA2D98B524C4493D00BDDC77 /* ContentView.swift in Sources */,
				121E980E24D8038F00C2EECE /* CategoryG.swift in Sources */,
				121E981424D8052100C2EECE /* User.swift in Sources */,
			);
			runOnlyForDeploymentPostprocessing = 0;
		};
/* End PBXSourcesBuildPhase section */

/* Begin PBXVariantGroup section */
		BA2D98BB24C4493D00BDDC77 /* LaunchScreen.storyboard */ = {
			isa = PBXVariantGroup;
			children = (
				BA2D98BC24C4493D00BDDC77 /* Base */,
			);
			name = LaunchScreen.storyboard;
			sourceTree = "<group>";
		};
/* End PBXVariantGroup section */

/* Begin XCBuildConfiguration section */
		BA2D98BF24C4493D00BDDC77 /* Debug */ = {
			isa = XCBuildConfiguration;
			buildSettings = {
				ALWAYS_SEARCH_USER_PATHS = NO;
				CLANG_ANALYZER_NONNULL = YES;
				CLANG_ANALYZER_NUMBER_OBJECT_CONVERSION = YES_AGGRESSIVE;
				CLANG_CXX_LANGUAGE_STANDARD = "gnu++14";
				CLANG_CXX_LIBRARY = "libc++";
				CLANG_ENABLE_MODULES = YES;
				CLANG_ENABLE_OBJC_ARC = YES;
				CLANG_ENABLE_OBJC_WEAK = YES;
				CLANG_WARN_BLOCK_CAPTURE_AUTORELEASING = YES;
				CLANG_WARN_BOOL_CONVERSION = YES;
				CLANG_WARN_COMMA = YES;
				CLANG_WARN_CONSTANT_CONVERSION = YES;
				CLANG_WARN_DEPRECATED_OBJC_IMPLEMENTATIONS = YES;
				CLANG_WARN_DIRECT_OBJC_ISA_USAGE = YES_ERROR;
				CLANG_WARN_DOCUMENTATION_COMMENTS = YES;
				CLANG_WARN_EMPTY_BODY = YES;
				CLANG_WARN_ENUM_CONVERSION = YES;
				CLANG_WARN_INFINITE_RECURSION = YES;
				CLANG_WARN_INT_CONVERSION = YES;
				CLANG_WARN_NON_LITERAL_NULL_CONVERSION = YES;
				CLANG_WARN_OBJC_IMPLICIT_RETAIN_SELF = YES;
				CLANG_WARN_OBJC_LITERAL_CONVERSION = YES;
				CLANG_WARN_OBJC_ROOT_CLASS = YES_ERROR;
				CLANG_WARN_RANGE_LOOP_ANALYSIS = YES;
				CLANG_WARN_STRICT_PROTOTYPES = YES;
				CLANG_WARN_SUSPICIOUS_MOVE = YES;
				CLANG_WARN_UNGUARDED_AVAILABILITY = YES_AGGRESSIVE;
				CLANG_WARN_UNREACHABLE_CODE = YES;
				CLANG_WARN__DUPLICATE_METHOD_MATCH = YES;
				COPY_PHASE_STRIP = NO;
				DEBUG_INFORMATION_FORMAT = dwarf;
				ENABLE_STRICT_OBJC_MSGSEND = YES;
				ENABLE_TESTABILITY = YES;
				GCC_C_LANGUAGE_STANDARD = gnu11;
				GCC_DYNAMIC_NO_PIC = NO;
				GCC_NO_COMMON_BLOCKS = YES;
				GCC_OPTIMIZATION_LEVEL = 0;
				GCC_PREPROCESSOR_DEFINITIONS = (
					"DEBUG=1",
					"$(inherited)",
				);
				GCC_WARN_64_TO_32_BIT_CONVERSION = YES;
				GCC_WARN_ABOUT_RETURN_TYPE = YES_ERROR;
				GCC_WARN_UNDECLARED_SELECTOR = YES;
				GCC_WARN_UNINITIALIZED_AUTOS = YES_AGGRESSIVE;
				GCC_WARN_UNUSED_FUNCTION = YES;
				GCC_WARN_UNUSED_VARIABLE = YES;
				IPHONEOS_DEPLOYMENT_TARGET = 13.0;
				MTL_ENABLE_DEBUG_INFO = INCLUDE_SOURCE;
				MTL_FAST_MATH = YES;
				ONLY_ACTIVE_ARCH = YES;
				SDKROOT = iphoneos;
				SWIFT_ACTIVE_COMPILATION_CONDITIONS = DEBUG;
				SWIFT_OPTIMIZATION_LEVEL = "-Onone";
			};
			name = Debug;
		};
		BA2D98C024C4493D00BDDC77 /* Release */ = {
			isa = XCBuildConfiguration;
			buildSettings = {
				ALWAYS_SEARCH_USER_PATHS = NO;
				CLANG_ANALYZER_NONNULL = YES;
				CLANG_ANALYZER_NUMBER_OBJECT_CONVERSION = YES_AGGRESSIVE;
				CLANG_CXX_LANGUAGE_STANDARD = "gnu++14";
				CLANG_CXX_LIBRARY = "libc++";
				CLANG_ENABLE_MODULES = YES;
				CLANG_ENABLE_OBJC_ARC = YES;
				CLANG_ENABLE_OBJC_WEAK = YES;
				CLANG_WARN_BLOCK_CAPTURE_AUTORELEASING = YES;
				CLANG_WARN_BOOL_CONVERSION = YES;
				CLANG_WARN_COMMA = YES;
				CLANG_WARN_CONSTANT_CONVERSION = YES;
				CLANG_WARN_DEPRECATED_OBJC_IMPLEMENTATIONS = YES;
				CLANG_WARN_DIRECT_OBJC_ISA_USAGE = YES_ERROR;
				CLANG_WARN_DOCUMENTATION_COMMENTS = YES;
				CLANG_WARN_EMPTY_BODY = YES;
				CLANG_WARN_ENUM_CONVERSION = YES;
				CLANG_WARN_INFINITE_RECURSION = YES;
				CLANG_WARN_INT_CONVERSION = YES;
				CLANG_WARN_NON_LITERAL_NULL_CONVERSION = YES;
				CLANG_WARN_OBJC_IMPLICIT_RETAIN_SELF = YES;
				CLANG_WARN_OBJC_LITERAL_CONVERSION = YES;
				CLANG_WARN_OBJC_ROOT_CLASS = YES_ERROR;
				CLANG_WARN_RANGE_LOOP_ANALYSIS = YES;
				CLANG_WARN_STRICT_PROTOTYPES = YES;
				CLANG_WARN_SUSPICIOUS_MOVE = YES;
				CLANG_WARN_UNGUARDED_AVAILABILITY = YES_AGGRESSIVE;
				CLANG_WARN_UNREACHABLE_CODE = YES;
				CLANG_WARN__DUPLICATE_METHOD_MATCH = YES;
				COPY_PHASE_STRIP = NO;
				DEBUG_INFORMATION_FORMAT = "dwarf-with-dsym";
				ENABLE_NS_ASSERTIONS = NO;
				ENABLE_STRICT_OBJC_MSGSEND = YES;
				GCC_C_LANGUAGE_STANDARD = gnu11;
				GCC_NO_COMMON_BLOCKS = YES;
				GCC_WARN_64_TO_32_BIT_CONVERSION = YES;
				GCC_WARN_ABOUT_RETURN_TYPE = YES_ERROR;
				GCC_WARN_UNDECLARED_SELECTOR = YES;
				GCC_WARN_UNINITIALIZED_AUTOS = YES_AGGRESSIVE;
				GCC_WARN_UNUSED_FUNCTION = YES;
				GCC_WARN_UNUSED_VARIABLE = YES;
				IPHONEOS_DEPLOYMENT_TARGET = 13.0;
				MTL_ENABLE_DEBUG_INFO = NO;
				MTL_FAST_MATH = YES;
				SDKROOT = iphoneos;
				SWIFT_COMPILATION_MODE = wholemodule;
				SWIFT_OPTIMIZATION_LEVEL = "-O";
				VALIDATE_PRODUCT = YES;
			};
			name = Release;
		};
		BA2D98C224C4493D00BDDC77 /* Debug */ = {
			isa = XCBuildConfiguration;
			buildSettings = {
				ASSETCATALOG_COMPILER_APPICON_NAME = AppIcon;
				CODE_SIGN_STYLE = Automatic;
				DEVELOPMENT_ASSET_PATHS = "\"Geulbie/Preview Content\"";
				ENABLE_PREVIEWS = YES;
				INFOPLIST_FILE = Geulbie/Info.plist;
				LD_RUNPATH_SEARCH_PATHS = (
					"$(inherited)",
					"@executable_path/Frameworks",
				);
				PRODUCT_BUNDLE_IDENTIFIER = com.dino.Geulbie;
				PRODUCT_NAME = "$(TARGET_NAME)";
				SWIFT_VERSION = 5.0;
				TARGETED_DEVICE_FAMILY = "1,2";
			};
			name = Debug;
		};
		BA2D98C324C4493D00BDDC77 /* Release */ = {
			isa = XCBuildConfiguration;
			buildSettings = {
				ASSETCATALOG_COMPILER_APPICON_NAME = AppIcon;
				CODE_SIGN_STYLE = Automatic;
				DEVELOPMENT_ASSET_PATHS = "\"Geulbie/Preview Content\"";
				ENABLE_PREVIEWS = YES;
				INFOPLIST_FILE = Geulbie/Info.plist;
				LD_RUNPATH_SEARCH_PATHS = (
					"$(inherited)",
					"@executable_path/Frameworks",
				);
				PRODUCT_BUNDLE_IDENTIFIER = com.dino.Geulbie;
				PRODUCT_NAME = "$(TARGET_NAME)";
				SWIFT_VERSION = 5.0;
				TARGETED_DEVICE_FAMILY = "1,2";
			};
			name = Release;
		};
/* End XCBuildConfiguration section */

/* Begin XCConfigurationList section */
		BA2D98A824C4493D00BDDC77 /* Build configuration list for PBXProject "Geulbie" */ = {
			isa = XCConfigurationList;
			buildConfigurations = (
				BA2D98BF24C4493D00BDDC77 /* Debug */,
				BA2D98C024C4493D00BDDC77 /* Release */,
			);
			defaultConfigurationIsVisible = 0;
			defaultConfigurationName = Release;
		};
		BA2D98C124C4493D00BDDC77 /* Build configuration list for PBXNativeTarget "Geulbie" */ = {
			isa = XCConfigurationList;
			buildConfigurations = (
				BA2D98C224C4493D00BDDC77 /* Debug */,
				BA2D98C324C4493D00BDDC77 /* Release */,
			);
			defaultConfigurationIsVisible = 0;
			defaultConfigurationName = Release;
		};
/* End XCConfigurationList section */
	};
	rootObject = BA2D98A524C4493D00BDDC77 /* Project object */;
}
